# THIS IS AN AUTOGENERATED FILE. DO NOT EDIT THIS FILE DIRECTLY.
# yarn lockfile v1


velocityjs@^2.0.0:
  version "2.0.0"
  resolved "https://registry.npmjs.org/velocityjs/-/velocityjs-2.0.0.tgz#3bc4dcb69545d2181aa7b4059e04412778b495b6"
  integrity sha512-ykI/zV9K51pcxOvD8Nd3jzVtRHcgG9w/a/BxsHh4sDwV0ZJAjWJk7Wa2TM5c9MWtCMn+FgqePkQFajwAvcNx7w==
