# THIS IS AN AUTOGENERATED FILE. DO NOT EDIT THIS FILE DIRECTLY.
# yarn lockfile v1


"@babel/runtime@^7.8.4":
  version "7.8.4"
  resolved "https://registry.npmjs.org/@babel/runtime/-/runtime-7.8.4.tgz#d79f5a2040f7caa24d53e563aad49cbc05581308"
  integrity sha512-neAp3zt80trRVBI1x0azq6c57aNBqYZH8KhMm3TaB7wEI5Q4A2SHfBHE8w9gOhI/lrqxtEbXZgQIrHP+wvSGwQ==
  dependencies:
    regenerator-runtime "^0.13.2"

"@types/acorn@^4.0.5":
  version "4.0.5"
  resolved "https://registry.npmjs.org/@types/acorn/-/acorn-4.0.5.tgz#e29fdf884695e77be4e99e67d748f5147255752d"
  integrity sha512-603sPiZ4GVRHPvn6vNgEAvJewKsy+zwRWYS2MeIMemgoAtcjlw2G3lALxrb9OPA17J28bkB71R33yXlQbUatCA==
  dependencies:
    "@types/estree" "*"

"@types/estree@*":
  version "0.0.42"
  resolved "https://registry.npmjs.org/@types/estree/-/estree-0.0.42.tgz#8d0c1f480339efedb3e46070e22dd63e0430dd11"
  integrity sha512-K1DPVvnBCPxzD+G51/cxVIoc2X8uUVl1zpJeE6iKcgHMj4+tbat5Xu4TjV7v2QSDbIeAfLi2hIk+u2+s0MlpUQ==

"@types/estree@0.0.41":
  version "0.0.41"
  resolved "https://registry.npmjs.org/@types/estree/-/estree-0.0.41.tgz#fd90754150b57432b72bf560530500597ff04421"
  integrity sha512-rIAmXyJlqw4KEBO7+u9gxZZSQHaCNnIzYrnNmYVpgfJhxTqO0brCX0SYpqUTkVI5mwwUwzmtspLBGBKroMeynA==

acorn@^7.1.0:
  version "7.1.0"
  resolved "https://registry.npmjs.org/acorn/-/acorn-7.1.0.tgz#949d36f2c292535da602283586c2477c57eb2d6c"
  integrity sha512-kL5CuoXA/dgxlBbVrflsflzQ3PAas7RYZB52NOm/6839iVYJgKMJ3cQJD+t2i5+qFa8h3MDpEOJiS64E8JLnSQ==

esm@^3.2.25:
  version "3.2.25"
  resolved "https://registry.npmjs.org/esm/-/esm-3.2.25.tgz#342c18c29d56157688ba5ce31f8431fbb795cc10"
  integrity sha512-U1suiZ2oDVWv4zPO56S0NcR5QriEahGtdN2OR6FiOG4WJvcjBVFB0qI4+eKoWFH483PKGuLuu6V8Z4T5g63UVA==

eval5@^1.1.5:
  version "1.1.5"
  resolved "https://registry.npmjs.org/eval5/-/eval5-1.1.5.tgz#af213e425079300018782a88154a5cba129d867b"
  integrity sha512-1jz2t+dP57QxeH7raFDwMSNVhFn9+1yNaL/kvT0uS07iVkOxzwALGVmXO6EaEL38fIkpGAm6imAG37hquOkVSg==
  dependencies:
    "@babel/runtime" "^7.8.4"
    "@types/acorn" "^4.0.5"
    "@types/estree" "0.0.41"
    acorn "^7.1.0"

regenerator-runtime@^0.13.2:
  version "0.13.3"
  resolved "https://registry.npmjs.org/regenerator-runtime/-/regenerator-runtime-0.13.3.tgz#7cf6a77d8f5c6f60eb73c5fc1955b2ceb01e6bf5"
  integrity sha512-naKIZz2GQ8JWh///G7L3X6LaQUAMp2lvb1rvwwsURe/VXwD6VMfr+/1NuNw3ag8v2kY1aQ/go5SNn79O9JU7yw==
